
Microsoft Visual Studio Solution File, Format Version 12.00
# Visual Studio Version 17
VisualStudioVersion = 17.4.33205.214
MinimumVisualStudioVersion = 10.0.40219.1
Project("{FAE04EC0-301F-11D3-BF4B-00C04F79EFBC}") = "Exercicio3", "Exercicio3\Exercicio3.csproj", "{97A94802-7253-40FB-818C-9D3C430E4888}"
EndProject
Global
	GlobalSection(SolutionConfigurationPlatforms) = preSolution
		Debug|Any CPU = Debug|Any CPU
		Release|Any CPU = Release|Any CPU
	EndGlobalSection
	GlobalSection(ProjectConfigurationPlatforms) = postSolution
		{97A94802-7253-40FB-818C-9D3C430E4888}.Debug|Any CPU.ActiveCfg = Debug|Any CPU
		{97A94802-7253-40FB-818C-9D3C430E4888}.Debug|Any CPU.Build.0 = Debug|Any CPU
		{97A94802-7253-40FB-818C-9D3C430E4888}.Release|Any CPU.ActiveCfg = Release|Any CPU
		{97A94802-7253-40FB-818C-9D3C430E4888}.Release|Any CPU.Build.0 = Release|Any CPU
	EndGlobalSection
	GlobalSection(SolutionProperties) = preSolution
		HideSolutionNode = FALSE
	EndGlobalSection
	GlobalSection(ExtensibilityGlobals) = postSolution
		SolutionGuid = {30127C96-3D55-41FD-881B-90D1A7BD528D}
	EndGlobalSection
EndGlobal
