
Microsoft Visual Studio Solution File, Format Version 12.00
# Visual Studio Version 17
VisualStudioVersion = 17.4.33205.214
MinimumVisualStudioVersion = 10.0.40219.1
Project("{FAE04EC0-301F-11D3-BF4B-00C04F79EFBC}") = "Exercício1", "Exercício1\Exercício1.csproj", "{74E6C0F5-4ABF-4665-B2C4-ECED4009C003}"
EndProject
Global
	GlobalSection(SolutionConfigurationPlatforms) = preSolution
		Debug|Any CPU = Debug|Any CPU
		Release|Any CPU = Release|Any CPU
	EndGlobalSection
	GlobalSection(ProjectConfigurationPlatforms) = postSolution
		{74E6C0F5-4ABF-4665-B2C4-ECED4009C003}.Debug|Any CPU.ActiveCfg = Debug|Any CPU
		{74E6C0F5-4ABF-4665-B2C4-ECED4009C003}.Debug|Any CPU.Build.0 = Debug|Any CPU
		{74E6C0F5-4ABF-4665-B2C4-ECED4009C003}.Release|Any CPU.ActiveCfg = Release|Any CPU
		{74E6C0F5-4ABF-4665-B2C4-ECED4009C003}.Release|Any CPU.Build.0 = Release|Any CPU
	EndGlobalSection
	GlobalSection(SolutionProperties) = preSolution
		HideSolutionNode = FALSE
	EndGlobalSection
	GlobalSection(ExtensibilityGlobals) = postSolution
		SolutionGuid = {B8C9EBA6-B716-41F5-9526-30918772D60E}
	EndGlobalSection
EndGlobal
