
Microsoft Visual Studio Solution File, Format Version 12.00
# Visual Studio Version 17
VisualStudioVersion = 17.4.33205.214
MinimumVisualStudioVersion = 10.0.40219.1
Project("{FAE04EC0-301F-11D3-BF4B-00C04F79EFBC}") = "Exercicio2", "Exercicio2\Exercicio2.csproj", "{BBE14057-4501-49E8-B002-79105D1FEB74}"
EndProject
Global
	GlobalSection(SolutionConfigurationPlatforms) = preSolution
		Debug|Any CPU = Debug|Any CPU
		Release|Any CPU = Release|Any CPU
	EndGlobalSection
	GlobalSection(ProjectConfigurationPlatforms) = postSolution
		{BBE14057-4501-49E8-B002-79105D1FEB74}.Debug|Any CPU.ActiveCfg = Debug|Any CPU
		{BBE14057-4501-49E8-B002-79105D1FEB74}.Debug|Any CPU.Build.0 = Debug|Any CPU
		{BBE14057-4501-49E8-B002-79105D1FEB74}.Release|Any CPU.ActiveCfg = Release|Any CPU
		{BBE14057-4501-49E8-B002-79105D1FEB74}.Release|Any CPU.Build.0 = Release|Any CPU
	EndGlobalSection
	GlobalSection(SolutionProperties) = preSolution
		HideSolutionNode = FALSE
	EndGlobalSection
	GlobalSection(ExtensibilityGlobals) = postSolution
		SolutionGuid = {6937F155-3A65-4662-BE9B-67B50A6595E4}
	EndGlobalSection
EndGlobal
