
Microsoft Visual Studio Solution File, Format Version 12.00
# Visual Studio Version 17
VisualStudioVersion = 17.4.33205.214
MinimumVisualStudioVersion = 10.0.40219.1
Project("{FAE04EC0-301F-11D3-BF4B-00C04F79EFBC}") = "exercicio7", "exercicio7\exercicio7.csproj", "{B471C9E1-69A9-4ACA-B7A3-F7ED327E392B}"
EndProject
Global
	GlobalSection(SolutionConfigurationPlatforms) = preSolution
		Debug|Any CPU = Debug|Any CPU
		Release|Any CPU = Release|Any CPU
	EndGlobalSection
	GlobalSection(ProjectConfigurationPlatforms) = postSolution
		{B471C9E1-69A9-4ACA-B7A3-F7ED327E392B}.Debug|Any CPU.ActiveCfg = Debug|Any CPU
		{B471C9E1-69A9-4ACA-B7A3-F7ED327E392B}.Debug|Any CPU.Build.0 = Debug|Any CPU
		{B471C9E1-69A9-4ACA-B7A3-F7ED327E392B}.Release|Any CPU.ActiveCfg = Release|Any CPU
		{B471C9E1-69A9-4ACA-B7A3-F7ED327E392B}.Release|Any CPU.Build.0 = Release|Any CPU
	EndGlobalSection
	GlobalSection(SolutionProperties) = preSolution
		HideSolutionNode = FALSE
	EndGlobalSection
	GlobalSection(ExtensibilityGlobals) = postSolution
		SolutionGuid = {ACCA6B9B-D0C4-4817-958F-2906F7A0E9C6}
	EndGlobalSection
EndGlobal
